
Microsoft Visual Studio Solution File, Format Version 12.00
# Visual Studio Version 17
VisualStudioVersion = 17.5.002.0
MinimumVisualStudioVersion = 10.0.40219.1
Project("{9A19103F-16F7-4668-BE54-9A1E7A4F7556}") = "api", "api\api.csproj", "{080BD13C-1094-45DE-9373-C3AE668D0994}"
EndProject
Global
	GlobalSection(SolutionConfigurationPlatforms) = preSolution
		Debug|Any CPU = Debug|Any CPU
		Release|Any CPU = Release|Any CPU
	EndGlobalSection
	GlobalSection(ProjectConfigurationPlatforms) = postSolution
		{080BD13C-1094-45DE-9373-C3AE668D0994}.Debug|Any CPU.ActiveCfg = Debug|Any CPU
		{080BD13C-1094-45DE-9373-C3AE668D0994}.Debug|Any CPU.Build.0 = Debug|Any CPU
		{080BD13C-1094-45DE-9373-C3AE668D0994}.Release|Any CPU.ActiveCfg = Release|Any CPU
		{080BD13C-1094-45DE-9373-C3AE668D0994}.Release|Any CPU.Build.0 = Release|Any CPU
	EndGlobalSection
	GlobalSection(SolutionProperties) = preSolution
		HideSolutionNode = FALSE
	EndGlobalSection
	GlobalSection(ExtensibilityGlobals) = postSolution
		SolutionGuid = {93904496-96B9-418D-922E-32475B47D2F8}
	EndGlobalSection
EndGlobal
